{
  "name": "Markdown Preview",
  "lockfileVersion": 2,
  "requires": true,
  "packages": {
    "": {
      "dependencies": {
        "dompurify": "^2.4.1"
      }
    },
    "node_modules/dompurify": {
      "version": "2.4.1",
      "resolved": "https://registry.npmjs.org/dompurify/-/dompurify-2.4.1.tgz",
      "integrity": "sha512-ewwFzHzrrneRjxzmK6oVz/rZn9VWspGFRDb4/rRtIsM1n36t9AKma/ye8syCpcw+XJ25kOK/hOG7t1j2I2yBqA=="
    }
  },
  "dependencies": {
    "dompurify": {
      "version": "2.4.1",
      "resolved": "https://registry.npmjs.org/dompurify/-/dompurify-2.4.1.tgz",
      "integrity": "sha512-ewwFzHzrrneRjxzmK6oVz/rZn9VWspGFRDb4/rRtIsM1n36t9AKma/ye8syCpcw+XJ25kOK/hOG7t1j2I2yBqA=="
    }
  }
}
